
Microsoft Visual Studio Solution File, Format Version 12.00
# Visual Studio Version 16
VisualStudioVersion = 16.0.32126.315
MinimumVisualStudioVersion = 10.0.40219.1
Project("{FAE04EC0-301F-11D3-BF4B-00C04F79EFBC}") = "LabWebAPIExample", "LabWebAPIExample.csproj", "{0A988F93-05BB-4EE1-94F7-02BCAB90EC0B}"
EndProject
Global
	GlobalSection(SolutionConfigurationPlatforms) = preSolution
		Debug|Any CPU = Debug|Any CPU
		Release|Any CPU = Release|Any CPU
	EndGlobalSection
	GlobalSection(ProjectConfigurationPlatforms) = postSolution
		{0A988F93-05BB-4EE1-94F7-02BCAB90EC0B}.Debug|Any CPU.ActiveCfg = Debug|Any CPU
		{0A988F93-05BB-4EE1-94F7-02BCAB90EC0B}.Debug|Any CPU.Build.0 = Debug|Any CPU
		{0A988F93-05BB-4EE1-94F7-02BCAB90EC0B}.Release|Any CPU.ActiveCfg = Release|Any CPU
		{0A988F93-05BB-4EE1-94F7-02BCAB90EC0B}.Release|Any CPU.Build.0 = Release|Any CPU
	EndGlobalSection
	GlobalSection(SolutionProperties) = preSolution
		HideSolutionNode = FALSE
	EndGlobalSection
	GlobalSection(ExtensibilityGlobals) = postSolution
		SolutionGuid = {9389AB04-582A-4B4D-AAB6-42D51AF28296}
	EndGlobalSection
EndGlobal
